
Microsoft Visual Studio Solution File, Format Version 12.00
# Visual Studio Version 17
VisualStudioVersion = 17.5.33627.172
MinimumVisualStudioVersion = 10.0.40219.1
Project("{FAE04EC0-301F-11D3-BF4B-00C04F79EFBC}") = "ProSesion02", "ProSesion02\ProSesion02.csproj", "{5626B96C-89CC-4C1B-9F39-6AC4FEC8F23A}"
EndProject
Global
	GlobalSection(SolutionConfigurationPlatforms) = preSolution
		Debug|Any CPU = Debug|Any CPU
		Release|Any CPU = Release|Any CPU
	EndGlobalSection
	GlobalSection(ProjectConfigurationPlatforms) = postSolution
		{5626B96C-89CC-4C1B-9F39-6AC4FEC8F23A}.Debug|Any CPU.ActiveCfg = Debug|Any CPU
		{5626B96C-89CC-4C1B-9F39-6AC4FEC8F23A}.Debug|Any CPU.Build.0 = Debug|Any CPU
		{5626B96C-89CC-4C1B-9F39-6AC4FEC8F23A}.Release|Any CPU.ActiveCfg = Release|Any CPU
		{5626B96C-89CC-4C1B-9F39-6AC4FEC8F23A}.Release|Any CPU.Build.0 = Release|Any CPU
	EndGlobalSection
	GlobalSection(SolutionProperties) = preSolution
		HideSolutionNode = FALSE
	EndGlobalSection
	GlobalSection(ExtensibilityGlobals) = postSolution
		SolutionGuid = {23199FFD-6C7D-4410-850A-1952B705925E}
	EndGlobalSection
EndGlobal
